// !$*UTF8*$!
{
	archiveVersion = 1;
	classes = {
	};
	objectVersion = 50;
	objects = {

/* Begin PBXBuildFile section */
		8589C84D24FCC4F200283C70 /* AppDelegate.swift in Sources */ = {isa = PBXBuildFile; fileRef = 8589C84C24FCC4F200283C70 /* AppDelegate.swift */; };
		8589C84F24FCC4F200283C70 /* SceneDelegate.swift in Sources */ = {isa = PBXBuildFile; fileRef = 8589C84E24FCC4F200283C70 /* SceneDelegate.swift */; };
		8589C85124FCC4F200283C70 /* ViewController.swift in Sources */ = {isa = PBXBuildFile; fileRef = 8589C85024FCC4F200283C70 /* ViewController.swift */; };
		8589C85424FCC4F200283C70 /* Main.storyboard in Resources */ = {isa = PBXBuildFile; fileRef = 8589C85224FCC4F200283C70 /* Main.storyboard */; };
		8589C85624FCC4F400283C70 /* Assets.xcassets in Resources */ = {isa = PBXBuildFile; fileRef = 8589C85524FCC4F400283C70 /* Assets.xcassets */; };
		8589C85924FCC4F400283C70 /* LaunchScreen.storyboard in Resources */ = {isa = PBXBuildFile; fileRef = 8589C85724FCC4F400283C70 /* LaunchScreen.storyboard */; };
		8589C86124FCC54C00283C70 /* ImagePicker.swift in Sources */ = {isa = PBXBuildFile; fileRef = 8589C86024FCC54C00283C70 /* ImagePicker.swift */; };
/* End PBXBuildFile section */

/* Begin PBXContainerItemProxy section */
		8589C8DE24FD23DC00283C70 /* PBXContainerItemProxy */ = {
			isa = PBXContainerItemProxy;
			containerPortal = 8589C8DA24FD23DB00283C70 /* iphoneExif.xcodeproj */;
			proxyType = 2;
			remoteGlobalIDString = AF1F78C40E0A7F030023CDE4;
			remoteInfo = exifLib;
		};
/* End PBXContainerItemProxy section */

/* Begin PBXFileReference section */
		8589C84924FCC4F200283C70 /* GeoImage.app */ = {isa = PBXFileReference; explicitFileType = wrapper.application; includeInIndex = 0; path = GeoImage.app; sourceTree = BUILT_PRODUCTS_DIR; };
		8589C84C24FCC4F200283C70 /* AppDelegate.swift */ = {isa = PBXFileReference; lastKnownFileType = sourcecode.swift; path = AppDelegate.swift; sourceTree = "<group>"; };
		8589C84E24FCC4F200283C70 /* SceneDelegate.swift */ = {isa = PBXFileReference; lastKnownFileType = sourcecode.swift; path = SceneDelegate.swift; sourceTree = "<group>"; };
		8589C85024FCC4F200283C70 /* ViewController.swift */ = {isa = PBXFileReference; lastKnownFileType = sourcecode.swift; path = ViewController.swift; sourceTree = "<group>"; };
		8589C85324FCC4F200283C70 /* Base */ = {isa = PBXFileReference; lastKnownFileType = file.storyboard; name = Base; path = Base.lproj/Main.storyboard; sourceTree = "<group>"; };
		8589C85524FCC4F400283C70 /* Assets.xcassets */ = {isa = PBXFileReference; lastKnownFileType = folder.assetcatalog; path = Assets.xcassets; sourceTree = "<group>"; };
		8589C85824FCC4F400283C70 /* Base */ = {isa = PBXFileReference; lastKnownFileType = file.storyboard; name = Base; path = Base.lproj/LaunchScreen.storyboard; sourceTree = "<group>"; };
		8589C85A24FCC4F400283C70 /* Info.plist */ = {isa = PBXFileReference; lastKnownFileType = text.plist.xml; path = Info.plist; sourceTree = "<group>"; };
		8589C86024FCC54C00283C70 /* ImagePicker.swift */ = {isa = PBXFileReference; lastKnownFileType = sourcecode.swift; path = ImagePicker.swift; sourceTree = "<group>"; };
		8589C8DA24FD23DB00283C70 /* iphoneExif.xcodeproj */ = {isa = PBXFileReference; lastKnownFileType = "wrapper.pb-project"; name = iphoneExif.xcodeproj; path = "../../../Downloads/iphone-exif/trunk/iphoneExif.xcodeproj"; sourceTree = "<group>"; };
/* End PBXFileReference section */

/* Begin PBXFrameworksBuildPhase section */
		8589C84624FCC4F200283C70 /* Frameworks */ = {
			isa = PBXFrameworksBuildPhase;
			buildActionMask = 2147483647;
			files = (
			);
			runOnlyForDeploymentPostprocessing = 0;
		};
/* End PBXFrameworksBuildPhase section */

/* Begin PBXGroup section */
		8589C84024FCC4F200283C70 = {
			isa = PBXGroup;
			children = (
				8589C84B24FCC4F200283C70 /* GeoImage */,
				8589C84A24FCC4F200283C70 /* Products */,
			);
			sourceTree = "<group>";
		};
		8589C84A24FCC4F200283C70 /* Products */ = {
			isa = PBXGroup;
			children = (
				8589C84924FCC4F200283C70 /* GeoImage.app */,
			);
			name = Products;
			sourceTree = "<group>";
		};
		8589C84B24FCC4F200283C70 /* GeoImage */ = {
			isa = PBXGroup;
			children = (
				8589C84C24FCC4F200283C70 /* AppDelegate.swift */,
				8589C84E24FCC4F200283C70 /* SceneDelegate.swift */,
				8589C85024FCC4F200283C70 /* ViewController.swift */,
				8589C85224FCC4F200283C70 /* Main.storyboard */,
				8589C85524FCC4F400283C70 /* Assets.xcassets */,
				8589C85724FCC4F400283C70 /* LaunchScreen.storyboard */,
				8589C85A24FCC4F400283C70 /* Info.plist */,
				8589C86024FCC54C00283C70 /* ImagePicker.swift */,
				8589C8DA24FD23DB00283C70 /* iphoneExif.xcodeproj */,
			);
			path = GeoImage;
			sourceTree = "<group>";
		};
		8589C8DB24FD23DB00283C70 /* Products */ = {
			isa = PBXGroup;
			children = (
				8589C8DF24FD23DC00283C70 /* libiphone-exif.a */,
			);
			name = Products;
			sourceTree = "<group>";
		};
/* End PBXGroup section */

/* Begin PBXNativeTarget section */
		8589C84824FCC4F200283C70 /* GeoImage */ = {
			isa = PBXNativeTarget;
			buildConfigurationList = 8589C85D24FCC4F400283C70 /* Build configuration list for PBXNativeTarget "GeoImage" */;
			buildPhases = (
				8589C84524FCC4F200283C70 /* Sources */,
				8589C84624FCC4F200283C70 /* Frameworks */,
				8589C84724FCC4F200283C70 /* Resources */,
			);
			buildRules = (
			);
			dependencies = (
			);
			name = GeoImage;
			productName = GeoImage;
			productReference = 8589C84924FCC4F200283C70 /* GeoImage.app */;
			productType = "com.apple.product-type.application";
		};
/* End PBXNativeTarget section */

/* Begin PBXProject section */
		8589C84124FCC4F200283C70 /* Project object */ = {
			isa = PBXProject;
			attributes = {
				LastSwiftUpdateCheck = 1160;
				LastUpgradeCheck = 1160;
				ORGANIZATIONNAME = "Stanislav Povolotskiy";
				TargetAttributes = {
					8589C84824FCC4F200283C70 = {
						CreatedOnToolsVersion = 11.6;
					};
				};
			};
			buildConfigurationList = 8589C84424FCC4F200283C70 /* Build configuration list for PBXProject "GeoImage" */;
			compatibilityVersion = "Xcode 9.3";
			developmentRegion = en;
			hasScannedForEncodings = 0;
			knownRegions = (
				en,
				Base,
			);
			mainGroup = 8589C84024FCC4F200283C70;
			productRefGroup = 8589C84A24FCC4F200283C70 /* Products */;
			projectDirPath = "";
			projectReferences = (
				{
					ProductGroup = 8589C8DB24FD23DB00283C70 /* Products */;
					ProjectRef = 8589C8DA24FD23DB00283C70 /* iphoneExif.xcodeproj */;
				},
			);
			projectRoot = "";
			targets = (
				8589C84824FCC4F200283C70 /* GeoImage */,
			);
		};
/* End PBXProject section */

/* Begin PBXReferenceProxy section */
		8589C8DF24FD23DC00283C70 /* libiphone-exif.a */ = {
			isa = PBXReferenceProxy;
			fileType = archive.ar;
			path = "libiphone-exif.a";
			remoteRef = 8589C8DE24FD23DC00283C70 /* PBXContainerItemProxy */;
			sourceTree = BUILT_PRODUCTS_DIR;
		};
/* End PBXReferenceProxy section */

/* Begin PBXResourcesBuildPhase section */
		8589C84724FCC4F200283C70 /* Resources */ = {
			isa = PBXResourcesBuildPhase;
			buildActionMask = 2147483647;
			files = (
				8589C85924FCC4F400283C70 /* LaunchScreen.storyboard in Resources */,
				8589C85624FCC4F400283C70 /* Assets.xcassets in Resources */,
				8589C85424FCC4F200283C70 /* Main.storyboard in Resources */,
			);
			runOnlyForDeploymentPostprocessing = 0;
		};
/* End PBXResourcesBuildPhase section */

/* Begin PBXSourcesBuildPhase section */
		8589C84524FCC4F200283C70 /* Sources */ = {
			isa = PBXSourcesBuildPhase;
			buildActionMask = 2147483647;
			files = (
				8589C85124FCC4F200283C70 /* ViewController.swift in Sources */,
				8589C86124FCC54C00283C70 /* ImagePicker.swift in Sources */,
				8589C84D24FCC4F200283C70 /* AppDelegate.swift in Sources */,
				8589C84F24FCC4F200283C70 /* SceneDelegate.swift in Sources */,
			);
			runOnlyForDeploymentPostprocessing = 0;
		};
/* End PBXSourcesBuildPhase section */

/* Begin PBXVariantGroup section */
		8589C85224FCC4F200283C70 /* Main.storyboard */ = {
			isa = PBXVariantGroup;
			children = (
				8589C85324FCC4F200283C70 /* Base */,
			);
			name = Main.storyboard;
			sourceTree = "<group>";
		};
		8589C85724FCC4F400283C70 /* LaunchScreen.storyboard */ = {
			isa = PBXVariantGroup;
			children = (
				8589C85824FCC4F400283C70 /* Base */,
			);
			name = LaunchScreen.storyboard;
			sourceTree = "<group>";
		};
/* End PBXVariantGroup section */

/* Begin XCBuildConfiguration section */
		8589C85B24FCC4F400283C70 /* Debug */ = {
			isa = XCBuildConfiguration;
			buildSettings = {
				ALWAYS_SEARCH_USER_PATHS = NO;
				CLANG_ANALYZER_NONNULL = YES;
				CLANG_ANALYZER_NUMBER_OBJECT_CONVERSION = YES_AGGRESSIVE;
				CLANG_CXX_LANGUAGE_STANDARD = "gnu++14";
				CLANG_CXX_LIBRARY = "libc++";
				CLANG_ENABLE_MODULES = YES;
				CLANG_ENABLE_OBJC_ARC = YES;
				CLANG_ENABLE_OBJC_WEAK = YES;
				CLANG_WARN_BLOCK_CAPTURE_AUTORELEASING = YES;
				CLANG_WARN_BOOL_CONVERSION = YES;
				CLANG_WARN_COMMA = YES;
				CLANG_WARN_CONSTANT_CONVERSION = YES;
				CLANG_WARN_DEPRECATED_OBJC_IMPLEMENTATIONS = YES;
				CLANG_WARN_DIRECT_OBJC_ISA_USAGE = YES_ERROR;
				CLANG_WARN_DOCUMENTATION_COMMENTS = YES;
				CLANG_WARN_EMPTY_BODY = YES;
				CLANG_WARN_ENUM_CONVERSION = YES;
				CLANG_WARN_INFINITE_RECURSION = YES;
				CLANG_WARN_INT_CONVERSION = YES;
				CLANG_WARN_NON_LITERAL_NULL_CONVERSION = YES;
				CLANG_WARN_OBJC_IMPLICIT_RETAIN_SELF = YES;
				CLANG_WARN_OBJC_LITERAL_CONVERSION = YES;
				CLANG_WARN_OBJC_ROOT_CLASS = YES_ERROR;
				CLANG_WARN_RANGE_LOOP_ANALYSIS = YES;
				CLANG_WARN_STRICT_PROTOTYPES = YES;
				CLANG_WARN_SUSPICIOUS_MOVE = YES;
				CLANG_WARN_UNGUARDED_AVAILABILITY = YES_AGGRESSIVE;
				CLANG_WARN_UNREACHABLE_CODE = YES;
				CLANG_WARN__DUPLICATE_METHOD_MATCH = YES;
				COPY_PHASE_STRIP = NO;
				DEBUG_INFORMATION_FORMAT = dwarf;
				ENABLE_STRICT_OBJC_MSGSEND = YES;
				ENABLE_TESTABILITY = YES;
				GCC_C_LANGUAGE_STANDARD = gnu11;
				GCC_DYNAMIC_NO_PIC = NO;
				GCC_NO_COMMON_BLOCKS = YES;
				GCC_OPTIMIZATION_LEVEL = 0;
				GCC_PREPROCESSOR_DEFINITIONS = (
					"DEBUG=1",
					"$(inherited)",
				);
				GCC_WARN_64_TO_32_BIT_CONVERSION = YES;
				GCC_WARN_ABOUT_RETURN_TYPE = YES_ERROR;
				GCC_WARN_UNDECLARED_SELECTOR = YES;
				GCC_WARN_UNINITIALIZED_AUTOS = YES_AGGRESSIVE;
				GCC_WARN_UNUSED_FUNCTION = YES;
				GCC_WARN_UNUSED_VARIABLE = YES;
				IPHONEOS_DEPLOYMENT_TARGET = 13.6;
				MTL_ENABLE_DEBUG_INFO = INCLUDE_SOURCE;
				MTL_FAST_MATH = YES;
				ONLY_ACTIVE_ARCH = YES;
				SDKROOT = iphoneos;
				SWIFT_ACTIVE_COMPILATION_CONDITIONS = DEBUG;
				SWIFT_OPTIMIZATION_LEVEL = "-Onone";
			};
			name = Debug;
		};
		8589C85C24FCC4F400283C70 /* Release */ = {
			isa = XCBuildConfiguration;
			buildSettings = {
				ALWAYS_SEARCH_USER_PATHS = NO;
				CLANG_ANALYZER_NONNULL = YES;
				CLANG_ANALYZER_NUMBER_OBJECT_CONVERSION = YES_AGGRESSIVE;
				CLANG_CXX_LANGUAGE_STANDARD = "gnu++14";
				CLANG_CXX_LIBRARY = "libc++";
				CLANG_ENABLE_MODULES = YES;
				CLANG_ENABLE_OBJC_ARC = YES;
				CLANG_ENABLE_OBJC_WEAK = YES;
				CLANG_WARN_BLOCK_CAPTURE_AUTORELEASING = YES;
				CLANG_WARN_BOOL_CONVERSION = YES;
				CLANG_WARN_COMMA = YES;
				CLANG_WARN_CONSTANT_CONVERSION = YES;
				CLANG_WARN_DEPRECATED_OBJC_IMPLEMENTATIONS = YES;
				CLANG_WARN_DIRECT_OBJC_ISA_USAGE = YES_ERROR;
				CLANG_WARN_DOCUMENTATION_COMMENTS = YES;
				CLANG_WARN_EMPTY_BODY = YES;
				CLANG_WARN_ENUM_CONVERSION = YES;
				CLANG_WARN_INFINITE_RECURSION = YES;
				CLANG_WARN_INT_CONVERSION = YES;
				CLANG_WARN_NON_LITERAL_NULL_CONVERSION = YES;
				CLANG_WARN_OBJC_IMPLICIT_RETAIN_SELF = YES;
				CLANG_WARN_OBJC_LITERAL_CONVERSION = YES;
				CLANG_WARN_OBJC_ROOT_CLASS = YES_ERROR;
				CLANG_WARN_RANGE_LOOP_ANALYSIS = YES;
				CLANG_WARN_STRICT_PROTOTYPES = YES;
				CLANG_WARN_SUSPICIOUS_MOVE = YES;
				CLANG_WARN_UNGUARDED_AVAILABILITY = YES_AGGRESSIVE;
				CLANG_WARN_UNREACHABLE_CODE = YES;
				CLANG_WARN__DUPLICATE_METHOD_MATCH = YES;
				COPY_PHASE_STRIP = NO;
				DEBUG_INFORMATION_FORMAT = "dwarf-with-dsym";
				ENABLE_NS_ASSERTIONS = NO;
				ENABLE_STRICT_OBJC_MSGSEND = YES;
				GCC_C_LANGUAGE_STANDARD = gnu11;
				GCC_NO_COMMON_BLOCKS = YES;
				GCC_WARN_64_TO_32_BIT_CONVERSION = YES;
				GCC_WARN_ABOUT_RETURN_TYPE = YES_ERROR;
				GCC_WARN_UNDECLARED_SELECTOR = YES;
				GCC_WARN_UNINITIALIZED_AUTOS = YES_AGGRESSIVE;
				GCC_WARN_UNUSED_FUNCTION = YES;
				GCC_WARN_UNUSED_VARIABLE = YES;
				IPHONEOS_DEPLOYMENT_TARGET = 13.6;
				MTL_ENABLE_DEBUG_INFO = NO;
				MTL_FAST_MATH = YES;
				SDKROOT = iphoneos;
				SWIFT_COMPILATION_MODE = wholemodule;
				SWIFT_OPTIMIZATION_LEVEL = "-O";
				VALIDATE_PRODUCT = YES;
			};
			name = Release;
		};
		8589C85E24FCC4F400283C70 /* Debug */ = {
			isa = XCBuildConfiguration;
			buildSettings = {
				ASSETCATALOG_COMPILER_APPICON_NAME = AppIcon;
				CODE_SIGN_STYLE = Automatic;
				DEVELOPMENT_TEAM = 523XWQ22UQ;
				INFOPLIST_FILE = GeoImage/Info.plist;
				LD_RUNPATH_SEARCH_PATHS = (
					"$(inherited)",
					"@executable_path/Frameworks",
				);
				PRODUCT_BUNDLE_IDENTIFIER = st.com.GeoImage;
				PRODUCT_NAME = "$(TARGET_NAME)";
				SWIFT_VERSION = 5.0;
				TARGETED_DEVICE_FAMILY = "1,2";
			};
			name = Debug;
		};
		8589C85F24FCC4F400283C70 /* Release */ = {
			isa = XCBuildConfiguration;
			buildSettings = {
				ASSETCATALOG_COMPILER_APPICON_NAME = AppIcon;
				CODE_SIGN_STYLE = Automatic;
				DEVELOPMENT_TEAM = 523XWQ22UQ;
				INFOPLIST_FILE = GeoImage/Info.plist;
				LD_RUNPATH_SEARCH_PATHS = (
					"$(inherited)",
					"@executable_path/Frameworks",
				);
				PRODUCT_BUNDLE_IDENTIFIER = st.com.GeoImage;
				PRODUCT_NAME = "$(TARGET_NAME)";
				SWIFT_VERSION = 5.0;
				TARGETED_DEVICE_FAMILY = "1,2";
			};
			name = Release;
		};
/* End XCBuildConfiguration section */

/* Begin XCConfigurationList section */
		8589C84424FCC4F200283C70 /* Build configuration list for PBXProject "GeoImage" */ = {
			isa = XCConfigurationList;
			buildConfigurations = (
				8589C85B24FCC4F400283C70 /* Debug */,
				8589C85C24FCC4F400283C70 /* Release */,
			);
			defaultConfigurationIsVisible = 0;
			defaultConfigurationName = Release;
		};
		8589C85D24FCC4F400283C70 /* Build configuration list for PBXNativeTarget "GeoImage" */ = {
			isa = XCConfigurationList;
			buildConfigurations = (
				8589C85E24FCC4F400283C70 /* Debug */,
				8589C85F24FCC4F400283C70 /* Release */,
			);
			defaultConfigurationIsVisible = 0;
			defaultConfigurationName = Release;
		};
/* End XCConfigurationList section */
	};
	rootObject = 8589C84124FCC4F200283C70 /* Project object */;
}
